
Microsoft Visual Studio Solution File, Format Version 12.00
# Visual Studio 15
VisualStudioVersion = 15.0.26730.12
MinimumVisualStudioVersion = 10.0.40219.1
Project("{9A19103F-16F7-4668-BE54-9A1E7A4F7556}") = "EXP.Functions.EventHub", "EXP.Functions.EventHub\EXP.Functions.EventHub.csproj", "{05BF936A-368B-40B2-BDD6-3F369CDE4ED5}"
EndProject
Project("{FAE04EC0-301F-11D3-BF4B-00C04F79EFBC}") = "EXP.Functions.ImageResizer", "EXP.Functions.ImageResizer\EXP.Functions.ImageResizer.csproj", "{DBF182F6-C14D-41FF-9AA6-F68DCE24450D}"
EndProject
Global
	GlobalSection(SolutionConfigurationPlatforms) = preSolution
		Debug|Any CPU = Debug|Any CPU
		Release|Any CPU = Release|Any CPU
	EndGlobalSection
	GlobalSection(ProjectConfigurationPlatforms) = postSolution
		{05BF936A-368B-40B2-BDD6-3F369CDE4ED5}.Debug|Any CPU.ActiveCfg = Debug|Any CPU
		{05BF936A-368B-40B2-BDD6-3F369CDE4ED5}.Debug|Any CPU.Build.0 = Debug|Any CPU
		{05BF936A-368B-40B2-BDD6-3F369CDE4ED5}.Release|Any CPU.ActiveCfg = Release|Any CPU
		{05BF936A-368B-40B2-BDD6-3F369CDE4ED5}.Release|Any CPU.Build.0 = Release|Any CPU
		{DBF182F6-C14D-41FF-9AA6-F68DCE24450D}.Debug|Any CPU.ActiveCfg = Debug|Any CPU
		{DBF182F6-C14D-41FF-9AA6-F68DCE24450D}.Debug|Any CPU.Build.0 = Debug|Any CPU
		{DBF182F6-C14D-41FF-9AA6-F68DCE24450D}.Release|Any CPU.ActiveCfg = Release|Any CPU
		{DBF182F6-C14D-41FF-9AA6-F68DCE24450D}.Release|Any CPU.Build.0 = Release|Any CPU
	EndGlobalSection
	GlobalSection(SolutionProperties) = preSolution
		HideSolutionNode = FALSE
	EndGlobalSection
	GlobalSection(ExtensibilityGlobals) = postSolution
		SolutionGuid = {2426B70B-9B42-4385-8EB4-F5F95B904CB2}
	EndGlobalSection
EndGlobal
